<Solution>
  <Folder Name="/.github/">
    <File Path=".github/dependabot.yml" />
    <File Path=".github/pull_request_template.md" />
  </Folder>
  <Folder Name="/.github/workflows/">
    <File Path=".github/workflows/ci.yml" />
    <File Path=".github/workflows/release.yml" />
  </Folder>
  <Folder Name="/Solution Items/">
    <File Path="Directory.Build.props" />
    <File Path="global.json" />
    <File Path="LICENSE" />
    <File Path="LICENSE-COMMERCIAL.md" />
    <File Path="plan.md" />
    <File Path="README.en.md" />
    <File Path="README.md" />
    <File Path="Directory.Build.targets" />
  </Folder>
  <Folder Name="/src/">
    <File Path="src/Directory.Build.props" />
    <File Path="src/Directory.Build.targets" />
	<File Path="src/Directory.Packages.props" />
    <Project Path="src/VelaShell.Controls/VelaShell.Controls.csproj" />
    <Project Path="src/VelaShell.Core/VelaShell.Core.csproj" />
    <Project Path="src/VelaShell.Infrastructure/VelaShell.Infrastructure.csproj" />
    <Project Path="src/VelaShell.PluginHost/VelaShell.PluginHost.csproj" />
    <Project Path="src/VelaShell.Presentation/VelaShell.Presentation.csproj" />
    <Project Path="src/VelaShell.Terminal/VelaShell.Terminal.csproj" />
    <Project Path="src/VelaShell/VelaShell.csproj" />
  </Folder>
  <Folder Name="/plugins/">
    <File Path="plugins/Directory.Build.props" />
    <File Path="plugins/Directory.Build.targets" />
    <File Path="plugins/README.md" />
    <Project Path="plugins/VelaShell.Plugin.Ai/VelaShell.Plugin.Ai.csproj" />
  </Folder>
  <Folder Name="/tests/">
    <File Path="tests/Directory.Build.props" />
	<File Path="tests/Directory.Packages.props" />
    <Project Path="tests/VelaShell.Benchmarks/VelaShell.Benchmarks.csproj" />
    <Project Path="tests/VelaShell.Controls.Tests/VelaShell.Controls.Tests.csproj" />
    <Project Path="tests/VelaShell.Core.Tests/VelaShell.Core.Tests.csproj" />
    <Project Path="tests/VelaShell.Infrastructure.Tests/VelaShell.Infrastructure.Tests.csproj" />
    <Project Path="tests/VelaShell.Plugin.Ai.Tests/VelaShell.Plugin.Ai.Tests.csproj" />
    <Project Path="tests/VelaShell.Presentation.Tests/VelaShell.Presentation.Tests.csproj" />
    <Project Path="tests/VelaShell.Terminal.RenderTests/VelaShell.Terminal.RenderTests.csproj" />
    <Project Path="tests/VelaShell.Terminal.Tests/VelaShell.Terminal.Tests.csproj" />
    <Project Path="tests/VelaShell.Tests/VelaShell.Tests.csproj" />
    <File Path="tests/fixtures/README.md" />
    <Project Path="tests/fixtures/VelaShell.TestPlugin/VelaShell.TestPlugin.csproj" />
    <Project Path="tests/fixtures/VelaShell.TestPlugin.Terminal/VelaShell.TestPlugin.Terminal.csproj" />
  </Folder>
</Solution>
